
Microsoft Visual Studio Solution File, Format Version 12.00
# Visual Studio 14
VisualStudioVersion = 14.0.23107.0
MinimumVisualStudioVersion = 10.0.40219.1
Project("{8BC9CEB8-8B4A-11D0-8D11-00A0C91BC942}") = "Step01", "Step01\Step01.vcxproj", "{D33A01B7-83D8-4181-924A-BCBF565F1E7F}"
EndProject
Project("{8BC9CEB8-8B4A-11D0-8D11-00A0C91BC942}") = "Step02", "Step02\Step02.vcxproj", "{C4971331-597B-4597-B210-D44FA8AC4E49}"
EndProject
Project("{8BC9CEB8-8B4A-11D0-8D11-00A0C91BC942}") = "Step03", "Step03\Step03.vcxproj", "{9061BA56-3D7D-4B18-80C5-EA325D8826E8}"
EndProject
Project("{8BC9CEB8-8B4A-11D0-8D11-00A0C91BC942}") = "Step04", "Step04\Step04.vcxproj", "{69B0EC8C-89CC-438C-BFAE-CB9FF23E7770}"
EndProject
Project("{8BC9CEB8-8B4A-11D0-8D11-00A0C91BC942}") = "Step05", "Step05\Step05.vcxproj", "{844FBE95-2B54-4790-BAC1-9C88008DC591}"
EndProject
Project("{8BC9CEB8-8B4A-11D0-8D11-00A0C91BC942}") = "Step06", "Step06\Step06.vcxproj", "{E6C5327E-E700-4C64-B970-631132846A1F}"
EndProject
Project("{8BC9CEB8-8B4A-11D0-8D11-00A0C91BC942}") = "Step07", "Step07\Step07.vcxproj", "{CFF7234C-7664-4D15-B724-689C0370FA6B}"
EndProject
Project("{8BC9CEB8-8B4A-11D0-8D11-00A0C91BC942}") = "Step08", "Step08\Step08.vcxproj", "{109E2D71-E830-44DE-B34D-79801E782C73}"
EndProject
Project("{8BC9CEB8-8B4A-11D0-8D11-00A0C91BC942}") = "Step09", "Step09\Step09.vcxproj", "{E2B2650A-9954-4CD4-A114-C470FFC5F427}"
EndProject
Project("{8BC9CEB8-8B4A-11D0-8D11-00A0C91BC942}") = "Step10", "Step10\Step10.vcxproj", "{14350104-236D-41AB-9364-B2CF1B7ED3F9}"
EndProject
Project("{8BC9CEB8-8B4A-11D0-8D11-00A0C91BC942}") = "Step11", "Step11\Step11.vcxproj", "{49D80D69-E35B-48A0-90D3-F7A81CD73BDD}"
EndProject
Project("{8BC9CEB8-8B4A-11D0-8D11-00A0C91BC942}") = "Step12", "Step12\Step12.vcxproj", "{236781D2-B983-449F-827A-02BA3C0C458F}"
EndProject
Project("{8BC9CEB8-8B4A-11D0-8D11-00A0C91BC942}") = "Step13", "Step13\Step13.vcxproj", "{784F908F-0D93-42A6-BBE2-C426B39C9FBE}"
EndProject
Project("{8BC9CEB8-8B4A-11D0-8D11-00A0C91BC942}") = "Step14", "Step14\Step14.vcxproj", "{083E3FDE-C561-4492-936C-129CF3E7EF32}"
EndProject
Global
	GlobalSection(SolutionConfigurationPlatforms) = preSolution
		Debug|x64 = Debug|x64
		Debug|x86 = Debug|x86
		Release|x64 = Release|x64
		Release|x86 = Release|x86
	EndGlobalSection
	GlobalSection(ProjectConfigurationPlatforms) = postSolution
		{D33A01B7-83D8-4181-924A-BCBF565F1E7F}.Debug|x64.ActiveCfg = Debug|x64
		{D33A01B7-83D8-4181-924A-BCBF565F1E7F}.Debug|x64.Build.0 = Debug|x64
		{D33A01B7-83D8-4181-924A-BCBF565F1E7F}.Debug|x86.ActiveCfg = Debug|Win32
		{D33A01B7-83D8-4181-924A-BCBF565F1E7F}.Debug|x86.Build.0 = Debug|Win32
		{D33A01B7-83D8-4181-924A-BCBF565F1E7F}.Release|x64.ActiveCfg = Release|x64
		{D33A01B7-83D8-4181-924A-BCBF565F1E7F}.Release|x64.Build.0 = Release|x64
		{D33A01B7-83D8-4181-924A-BCBF565F1E7F}.Release|x86.ActiveCfg = Release|Win32
		{D33A01B7-83D8-4181-924A-BCBF565F1E7F}.Release|x86.Build.0 = Release|Win32
		{C4971331-597B-4597-B210-D44FA8AC4E49}.Debug|x64.ActiveCfg = Debug|x64
		{C4971331-597B-4597-B210-D44FA8AC4E49}.Debug|x64.Build.0 = Debug|x64
		{C4971331-597B-4597-B210-D44FA8AC4E49}.Debug|x86.ActiveCfg = Debug|Win32
		{C4971331-597B-4597-B210-D44FA8AC4E49}.Debug|x86.Build.0 = Debug|Win32
		{C4971331-597B-4597-B210-D44FA8AC4E49}.Release|x64.ActiveCfg = Release|x64
		{C4971331-597B-4597-B210-D44FA8AC4E49}.Release|x64.Build.0 = Release|x64
		{C4971331-597B-4597-B210-D44FA8AC4E49}.Release|x86.ActiveCfg = Release|Win32
		{C4971331-597B-4597-B210-D44FA8AC4E49}.Release|x86.Build.0 = Release|Win32
		{9061BA56-3D7D-4B18-80C5-EA325D8826E8}.Debug|x64.ActiveCfg = Debug|x64
		{9061BA56-3D7D-4B18-80C5-EA325D8826E8}.Debug|x64.Build.0 = Debug|x64
		{9061BA56-3D7D-4B18-80C5-EA325D8826E8}.Debug|x86.ActiveCfg = Debug|Win32
		{9061BA56-3D7D-4B18-80C5-EA325D8826E8}.Debug|x86.Build.0 = Debug|Win32
		{9061BA56-3D7D-4B18-80C5-EA325D8826E8}.Release|x64.ActiveCfg = Release|x64
		{9061BA56-3D7D-4B18-80C5-EA325D8826E8}.Release|x64.Build.0 = Release|x64
		{9061BA56-3D7D-4B18-80C5-EA325D8826E8}.Release|x86.ActiveCfg = Release|Win32
		{9061BA56-3D7D-4B18-80C5-EA325D8826E8}.Release|x86.Build.0 = Release|Win32
		{69B0EC8C-89CC-438C-BFAE-CB9FF23E7770}.Debug|x64.ActiveCfg = Debug|x64
		{69B0EC8C-89CC-438C-BFAE-CB9FF23E7770}.Debug|x64.Build.0 = Debug|x64
		{69B0EC8C-89CC-438C-BFAE-CB9FF23E7770}.Debug|x86.ActiveCfg = Debug|Win32
		{69B0EC8C-89CC-438C-BFAE-CB9FF23E7770}.Debug|x86.Build.0 = Debug|Win32
		{69B0EC8C-89CC-438C-BFAE-CB9FF23E7770}.Release|x64.ActiveCfg = Release|x64
		{69B0EC8C-89CC-438C-BFAE-CB9FF23E7770}.Release|x64.Build.0 = Release|x64
		{69B0EC8C-89CC-438C-BFAE-CB9FF23E7770}.Release|x86.ActiveCfg = Release|Win32
		{69B0EC8C-89CC-438C-BFAE-CB9FF23E7770}.Release|x86.Build.0 = Release|Win32
		{844FBE95-2B54-4790-BAC1-9C88008DC591}.Debug|x64.ActiveCfg = Debug|x64
		{844FBE95-2B54-4790-BAC1-9C88008DC591}.Debug|x64.Build.0 = Debug|x64
		{844FBE95-2B54-4790-BAC1-9C88008DC591}.Debug|x86.ActiveCfg = Debug|Win32
		{844FBE95-2B54-4790-BAC1-9C88008DC591}.Debug|x86.Build.0 = Debug|Win32
		{844FBE95-2B54-4790-BAC1-9C88008DC591}.Release|x64.ActiveCfg = Release|x64
		{844FBE95-2B54-4790-BAC1-9C88008DC591}.Release|x64.Build.0 = Release|x64
		{844FBE95-2B54-4790-BAC1-9C88008DC591}.Release|x86.ActiveCfg = Release|Win32
		{844FBE95-2B54-4790-BAC1-9C88008DC591}.Release|x86.Build.0 = Release|Win32
		{E6C5327E-E700-4C64-B970-631132846A1F}.Debug|x64.ActiveCfg = Debug|x64
		{E6C5327E-E700-4C64-B970-631132846A1F}.Debug|x64.Build.0 = Debug|x64
		{E6C5327E-E700-4C64-B970-631132846A1F}.Debug|x86.ActiveCfg = Debug|Win32
		{E6C5327E-E700-4C64-B970-631132846A1F}.Debug|x86.Build.0 = Debug|Win32
		{E6C5327E-E700-4C64-B970-631132846A1F}.Release|x64.ActiveCfg = Release|x64
		{E6C5327E-E700-4C64-B970-631132846A1F}.Release|x64.Build.0 = Release|x64
		{E6C5327E-E700-4C64-B970-631132846A1F}.Release|x86.ActiveCfg = Release|Win32
		{E6C5327E-E700-4C64-B970-631132846A1F}.Release|x86.Build.0 = Release|Win32
		{CFF7234C-7664-4D15-B724-689C0370FA6B}.Debug|x64.ActiveCfg = Debug|x64
		{CFF7234C-7664-4D15-B724-689C0370FA6B}.Debug|x64.Build.0 = Debug|x64
		{CFF7234C-7664-4D15-B724-689C0370FA6B}.Debug|x86.ActiveCfg = Debug|Win32
		{CFF7234C-7664-4D15-B724-689C0370FA6B}.Debug|x86.Build.0 = Debug|Win32
		{CFF7234C-7664-4D15-B724-689C0370FA6B}.Release|x64.ActiveCfg = Release|x64
		{CFF7234C-7664-4D15-B724-689C0370FA6B}.Release|x64.Build.0 = Release|x64
		{CFF7234C-7664-4D15-B724-689C0370FA6B}.Release|x86.ActiveCfg = Release|Win32
		{CFF7234C-7664-4D15-B724-689C0370FA6B}.Release|x86.Build.0 = Release|Win32
		{109E2D71-E830-44DE-B34D-79801E782C73}.Debug|x64.ActiveCfg = Debug|x64
		{109E2D71-E830-44DE-B34D-79801E782C73}.Debug|x64.Build.0 = Debug|x64
		{109E2D71-E830-44DE-B34D-79801E782C73}.Debug|x86.ActiveCfg = Debug|Win32
		{109E2D71-E830-44DE-B34D-79801E782C73}.Debug|x86.Build.0 = Debug|Win32
		{109E2D71-E830-44DE-B34D-79801E782C73}.Release|x64.ActiveCfg = Release|x64
		{109E2D71-E830-44DE-B34D-79801E782C73}.Release|x64.Build.0 = Release|x64
		{109E2D71-E830-44DE-B34D-79801E782C73}.Release|x86.ActiveCfg = Release|Win32
		{109E2D71-E830-44DE-B34D-79801E782C73}.Release|x86.Build.0 = Release|Win32
		{E2B2650A-9954-4CD4-A114-C470FFC5F427}.Debug|x64.ActiveCfg = Debug|x64
		{E2B2650A-9954-4CD4-A114-C470FFC5F427}.Debug|x64.Build.0 = Debug|x64
		{E2B2650A-9954-4CD4-A114-C470FFC5F427}.Debug|x86.ActiveCfg = Debug|Win32
		{E2B2650A-9954-4CD4-A114-C470FFC5F427}.Debug|x86.Build.0 = Debug|Win32
		{E2B2650A-9954-4CD4-A114-C470FFC5F427}.Release|x64.ActiveCfg = Release|x64
		{E2B2650A-9954-4CD4-A114-C470FFC5F427}.Release|x64.Build.0 = Release|x64
		{E2B2650A-9954-4CD4-A114-C470FFC5F427}.Release|x86.ActiveCfg = Release|Win32
		{E2B2650A-9954-4CD4-A114-C470FFC5F427}.Release|x86.Build.0 = Release|Win32
		{14350104-236D-41AB-9364-B2CF1B7ED3F9}.Debug|x64.ActiveCfg = Debug|x64
		{14350104-236D-41AB-9364-B2CF1B7ED3F9}.Debug|x64.Build.0 = Debug|x64
		{14350104-236D-41AB-9364-B2CF1B7ED3F9}.Debug|x86.ActiveCfg = Debug|Win32
		{14350104-236D-41AB-9364-B2CF1B7ED3F9}.Debug|x86.Build.0 = Debug|Win32
		{14350104-236D-41AB-9364-B2CF1B7ED3F9}.Release|x64.ActiveCfg = Release|x64
		{14350104-236D-41AB-9364-B2CF1B7ED3F9}.Release|x64.Build.0 = Release|x64
		{14350104-236D-41AB-9364-B2CF1B7ED3F9}.Release|x86.ActiveCfg = Release|Win32
		{14350104-236D-41AB-9364-B2CF1B7ED3F9}.Release|x86.Build.0 = Release|Win32
		{49D80D69-E35B-48A0-90D3-F7A81CD73BDD}.Debug|x64.ActiveCfg = Debug|x64
		{49D80D69-E35B-48A0-90D3-F7A81CD73BDD}.Debug|x64.Build.0 = Debug|x64
		{49D80D69-E35B-48A0-90D3-F7A81CD73BDD}.Debug|x86.ActiveCfg = Debug|Win32
		{49D80D69-E35B-48A0-90D3-F7A81CD73BDD}.Debug|x86.Build.0 = Debug|Win32
		{49D80D69-E35B-48A0-90D3-F7A81CD73BDD}.Release|x64.ActiveCfg = Release|x64
		{49D80D69-E35B-48A0-90D3-F7A81CD73BDD}.Release|x64.Build.0 = Release|x64
		{49D80D69-E35B-48A0-90D3-F7A81CD73BDD}.Release|x86.ActiveCfg = Release|Win32
		{49D80D69-E35B-48A0-90D3-F7A81CD73BDD}.Release|x86.Build.0 = Release|Win32
		{236781D2-B983-449F-827A-02BA3C0C458F}.Debug|x64.ActiveCfg = Debug|x64
		{236781D2-B983-449F-827A-02BA3C0C458F}.Debug|x64.Build.0 = Debug|x64
		{236781D2-B983-449F-827A-02BA3C0C458F}.Debug|x86.ActiveCfg = Debug|Win32
		{236781D2-B983-449F-827A-02BA3C0C458F}.Debug|x86.Build.0 = Debug|Win32
		{236781D2-B983-449F-827A-02BA3C0C458F}.Release|x64.ActiveCfg = Release|x64
		{236781D2-B983-449F-827A-02BA3C0C458F}.Release|x64.Build.0 = Release|x64
		{236781D2-B983-449F-827A-02BA3C0C458F}.Release|x86.ActiveCfg = Release|Win32
		{236781D2-B983-449F-827A-02BA3C0C458F}.Release|x86.Build.0 = Release|Win32
		{784F908F-0D93-42A6-BBE2-C426B39C9FBE}.Debug|x64.ActiveCfg = Debug|x64
		{784F908F-0D93-42A6-BBE2-C426B39C9FBE}.Debug|x64.Build.0 = Debug|x64
		{784F908F-0D93-42A6-BBE2-C426B39C9FBE}.Debug|x86.ActiveCfg = Debug|Win32
		{784F908F-0D93-42A6-BBE2-C426B39C9FBE}.Debug|x86.Build.0 = Debug|Win32
		{784F908F-0D93-42A6-BBE2-C426B39C9FBE}.Release|x64.ActiveCfg = Release|x64
		{784F908F-0D93-42A6-BBE2-C426B39C9FBE}.Release|x64.Build.0 = Release|x64
		{784F908F-0D93-42A6-BBE2-C426B39C9FBE}.Release|x86.ActiveCfg = Release|Win32
		{784F908F-0D93-42A6-BBE2-C426B39C9FBE}.Release|x86.Build.0 = Release|Win32
		{083E3FDE-C561-4492-936C-129CF3E7EF32}.Debug|x64.ActiveCfg = Debug|x64
		{083E3FDE-C561-4492-936C-129CF3E7EF32}.Debug|x64.Build.0 = Debug|x64
		{083E3FDE-C561-4492-936C-129CF3E7EF32}.Debug|x86.ActiveCfg = Debug|Win32
		{083E3FDE-C561-4492-936C-129CF3E7EF32}.Debug|x86.Build.0 = Debug|Win32
		{083E3FDE-C561-4492-936C-129CF3E7EF32}.Release|x64.ActiveCfg = Release|x64
		{083E3FDE-C561-4492-936C-129CF3E7EF32}.Release|x64.Build.0 = Release|x64
		{083E3FDE-C561-4492-936C-129CF3E7EF32}.Release|x86.ActiveCfg = Release|Win32
		{083E3FDE-C561-4492-936C-129CF3E7EF32}.Release|x86.Build.0 = Release|Win32
	EndGlobalSection
	GlobalSection(SolutionProperties) = preSolution
		HideSolutionNode = FALSE
	EndGlobalSection
EndGlobal
